{
  "name": "workbox-sample-app",
  "version": "1.0.0",
  "lockfileVersion": 1,
  "requires": true,
  "dependencies": {
    "@types/workbox-background-sync": {
      "version": "4.3.1",
      "resolved": "https://registry.npmjs.org/@types/workbox-background-sync/-/workbox-background-sync-4.3.1.tgz",
      "integrity": "sha512-AIsG/+W15Li31mzYe0vRk/zVFgFwc7bJRq05d5cXcxour9XITyWrzgLhpntKFOUD2i51LRvf3I1MmNQJdH9OTw==",
      "dev": true,
      "requires": {
        "@types/workbox-core": "*"
      }
    },
    "@types/workbox-broadcast-update": {
      "version": "4.3.0",
      "resolved": "https://registry.npmjs.org/@types/workbox-broadcast-update/-/workbox-broadcast-update-4.3.0.tgz",
      "integrity": "sha512-YSaXuGLknt1Apl/fZUMAB9BwKqpzZCi/HmpSJ/McTM9UihXzz+MFbv5Pxy+hFhKnu/YFxblAZvH6x2pOeylJFA==",
      "dev": true,
      "requires": {
        "@types/workbox-core": "*"
      }
    },
    "@types/workbox-cacheable-response": {
      "version": "4.3.0",
      "resolved": "https://registry.npmjs.org/@types/workbox-cacheable-response/-/workbox-cacheable-response-4.3.0.tgz",
      "integrity": "sha512-zY6dLWlmbIf6mQvUOR8qD8gz2EfmJ+/KjGQl/NMcsk3OBwLGCRnxVlOAiUrFsHRZSnUMo6gip1lwLOEvUjPIRQ==",
      "dev": true,
      "requires": {
        "@types/workbox-core": "*"
      }
    },
    "@types/workbox-core": {
      "version": "4.3.0",
      "resolved": "https://registry.npmjs.org/@types/workbox-core/-/workbox-core-4.3.0.tgz",
      "integrity": "sha512-0Tn2bbwYu+Exsp4L3lBA2voRi/7m+6qjgGIs4Lw3Hdm8+7caxAVRra6imkd9Wl3DmK0tKPHinKuo+ElXuqUvlg==",
      "dev": true
    },
    "@types/workbox-expiration": {
      "version": "4.3.0",
      "resolved": "https://registry.npmjs.org/@types/workbox-expiration/-/workbox-expiration-4.3.0.tgz",
      "integrity": "sha512-fxPC5w+LNAn6ddQXKe84j9+C7bwNcMplw/QvnHjzAuTFW/oHC/8geHKTs4aoIMjUdRJrtFND5/lthivBynWwJw==",
      "dev": true,
      "requires": {
        "@types/workbox-core": "*"
      }
    },
    "@types/workbox-google-analytics": {
      "version": "4.3.0",
      "resolved": "https://registry.npmjs.org/@types/workbox-google-analytics/-/workbox-google-analytics-4.3.0.tgz",
      "integrity": "sha512-0XEhUYRh4WLVKYkGaLZhwM7rDZjy2RqxYfJr2b7OuRLadRgiK2XPso1uwGi1l4oXqlt8Ya3alyFDfKt54pm3QQ==",
      "dev": true
    },
    "@types/workbox-navigation-preload": {
      "version": "4.3.0",
      "resolved": "https://registry.npmjs.org/@types/workbox-navigation-preload/-/workbox-navigation-preload-4.3.0.tgz",
      "integrity": "sha512-yv4iMch2cM1rW2GTFjtEHAmUJfYtWnHENdR9TrjziO47czDSulLU/UzflmS/L9alQNP7GyHpegDWBJwtKad/Mg==",
      "dev": true
    },
    "@types/workbox-precaching": {
      "version": "4.3.0",
      "resolved": "https://registry.npmjs.org/@types/workbox-precaching/-/workbox-precaching-4.3.0.tgz",
      "integrity": "sha512-nnnFemK7X6kfJi7u3cZ2qkHCsWFJn+AUtBgBb8UJB7VxongJsBK/QTVbmMGhvIXBb/xkRpoa52VI2rtZLoB3hA==",
      "dev": true,
      "requires": {
        "@types/workbox-core": "*"
      }
    },
    "@types/workbox-range-requests": {
      "version": "4.3.0",
      "resolved": "https://registry.npmjs.org/@types/workbox-range-requests/-/workbox-range-requests-4.3.0.tgz",
      "integrity": "sha512-IlZcWZtGlpT4OhEdCdWeMkHHOO5yVwDqmuJq1WtgtjyIwm/mwwVPYGLVeVOE62m8sQ2L9Ziqfem2h9UmabBDmg==",
      "dev": true,
      "requires": {
        "@types/workbox-core": "*"
      }
    },
    "@types/workbox-routing": {
      "version": "4.3.0",
      "resolved": "https://registry.npmjs.org/@types/workbox-routing/-/workbox-routing-4.3.0.tgz",
      "integrity": "sha512-op5P/f6n+9g5X4a+sYONp9EALnNxpoU3oXuB/BjeQv9d+k0bNE4LYSF06K6tXYL4PeCIZVJOi4yMCUCOi2NaqQ==",
      "dev": true
    },
    "@types/workbox-strategies": {
      "version": "4.3.0",
      "resolved": "https://registry.npmjs.org/@types/workbox-strategies/-/workbox-strategies-4.3.0.tgz",
      "integrity": "sha512-QTQQOZK2qNy24jXLt83SlqEmuEaQcubQ23515OFDBUpyVow2cYpxF2vzH3fEx7kIXQO/OS1UFNriTEitCHyxyA==",
      "dev": true,
      "requires": {
        "@types/workbox-core": "*",
        "@types/workbox-routing": "*"
      }
    },
    "@types/workbox-streams": {
      "version": "4.3.0",
      "resolved": "https://registry.npmjs.org/@types/workbox-streams/-/workbox-streams-4.3.0.tgz",
      "integrity": "sha512-PYI7eAOQ9Dj/cu/WcROOfSsn29pC9gjCudK+hQBSWgAaxfHBmNFQGh7EvtZ3BzOJhjj3O0pEV5l6aA55oBRxBQ==",
      "dev": true,
      "requires": {
        "@types/workbox-routing": "*"
      }
    },
    "@types/workbox-sw": {
      "version": "4.3.0",
      "resolved": "https://registry.npmjs.org/@types/workbox-sw/-/workbox-sw-4.3.0.tgz",
      "integrity": "sha512-PX4CQq+MH1ET94o6AE5GsLQ57WznWFC8eoXYIRUKv4vSFQFRDmlSRRonyFHlcdNhE9skKJBjxapUt4PPit0L1g==",
      "dev": true,
      "requires": {
        "@types/workbox-background-sync": "*",
        "@types/workbox-broadcast-update": "*",
        "@types/workbox-cacheable-response": "*",
        "@types/workbox-core": "*",
        "@types/workbox-expiration": "*",
        "@types/workbox-google-analytics": "*",
        "@types/workbox-navigation-preload": "*",
        "@types/workbox-precaching": "*",
        "@types/workbox-range-requests": "*",
        "@types/workbox-routing": "*",
        "@types/workbox-strategies": "*",
        "@types/workbox-streams": "*"
      }
    }
  }
}
